
Microsoft Visual Studio Solution File, Format Version 12.00
# Visual Studio Version 16
VisualStudioVersion = 16.0.30330.147
MinimumVisualStudioVersion = 10.0.40219.1
Project("{FAE04EC0-301F-11D3-BF4B-00C04F79EFBC}") = "RedisCacheAsService", "RedisCacheAsService\RedisCacheAsService.csproj", "{CFE74593-7A7D-4783-8DEF-36589B5B6482}"
EndProject
Global
	GlobalSection(SolutionConfigurationPlatforms) = preSolution
		Debug|Any CPU = Debug|Any CPU
		Release|Any CPU = Release|Any CPU
	EndGlobalSection
	GlobalSection(ProjectConfigurationPlatforms) = postSolution
		{CFE74593-7A7D-4783-8DEF-36589B5B6482}.Debug|Any CPU.ActiveCfg = Debug|Any CPU
		{CFE74593-7A7D-4783-8DEF-36589B5B6482}.Debug|Any CPU.Build.0 = Debug|Any CPU
		{CFE74593-7A7D-4783-8DEF-36589B5B6482}.Release|Any CPU.ActiveCfg = Release|Any CPU
		{CFE74593-7A7D-4783-8DEF-36589B5B6482}.Release|Any CPU.Build.0 = Release|Any CPU
	EndGlobalSection
	GlobalSection(SolutionProperties) = preSolution
		HideSolutionNode = FALSE
	EndGlobalSection
	GlobalSection(ExtensibilityGlobals) = postSolution
		SolutionGuid = {ECC8B03C-29E7-460D-A4D7-690ABCBAD922}
	EndGlobalSection
EndGlobal
